# THIS IS AN AUTOGENERATED FILE. DO NOT EDIT THIS FILE DIRECTLY.
# yarn lockfile v1


"@prisma/prisma-schema-wasm@4.17.0-26.6b0aef69b7cdfc787f822ecd7cdc76d5f1991584":
  version "4.17.0-26.6b0aef69b7cdfc787f822ecd7cdc76d5f1991584"
  resolved "https://registry.yarnpkg.com/@prisma/prisma-schema-wasm/-/prisma-schema-wasm-4.17.0-26.6b0aef69b7cdfc787f822ecd7cdc76d5f1991584.tgz#58398a22a15d0a11ae7c8756de2b793bb8abfca3"
  integrity sha512-JFdsnSgBPN8reDTLOI9Vh/6ccCb2aD1LbY/LWQnkcIgNo6IdpzvuM+qRVbBuA6IZP2SdqQI8Lu6RL2P8EFBQUA==

"@types/graphql-fields@^1.3.9":
  version "1.3.9"
  resolved "https://registry.yarnpkg.com/@types/graphql-fields/-/graphql-fields-1.3.9.tgz#e4c3a900527554a36d38d4e27e36828433117a17"
  integrity sha512-HynTnp1HrE58uYcFcAK5UOfdrHSOIHDLCjvMU4yCmQLMj21uo7ZiZqnDGrD27pgCgHH5a1e8GYNK98Ndmma7ig==
  dependencies:
    graphql "*"

graphql@*:
  version "16.11.0"
  resolved "https://registry.yarnpkg.com/graphql/-/graphql-16.11.0.tgz#96d17f66370678027fdf59b2d4c20b4efaa8a633"
  integrity sha512-mS1lbMsxgQj6hge1XZ6p7GPhbrtFwUFYi3wRzXAC/FmYnyXMTvvI3td3rjmQ2u8ewXueaSvRPWaEcgVVOT9Jnw==

prettier-plugin-prisma@^5.0.0:
  version "5.0.0"
  resolved "https://registry.yarnpkg.com/prettier-plugin-prisma/-/prettier-plugin-prisma-5.0.0.tgz#f61f7419453a5ce9973156f1ac9d8309fad44e48"
  integrity sha512-jTJV04D9+yF7ziOOMs7CJe4ijgAH7DEGjt0SAWAToGNRy1H6BEhvcKA2UQH6gC6KVW5zeeOSAvsoiDDTt9oKXg==
  dependencies:
    "@prisma/prisma-schema-wasm" "4.17.0-26.6b0aef69b7cdfc787f822ecd7cdc76d5f1991584"

prettier@^3.6.2:
  version "3.6.2"
  resolved "https://registry.yarnpkg.com/prettier/-/prettier-3.6.2.tgz#ccda02a1003ebbb2bfda6f83a074978f608b9393"
  integrity sha512-I7AIg5boAr5R0FFtJ6rCfD+LFsWHp81dolrFD8S79U9tb8Az2nGrJncnMSnys+bpQJfRUzqs9hnA81OAA3hCuQ==

typescript@^5.9.2:
  version "5.9.2"
  resolved "https://registry.yarnpkg.com/typescript/-/typescript-5.9.2.tgz#d93450cddec5154a2d5cabe3b8102b83316fb2a6"
  integrity sha512-CWBzXQrc/qOkhidw1OzBTQuYRbfyxDXJMVJ1XNwUHGROVmuaeiEm3OslpZ1RV96d7SKKjZKrSJu3+t/xlw3R9A==
